# This file is automatically @generated by Cargo.
# It is not intended for manual editing.
version = 4

[[package]]
name = "ems-industrial-fixtures"
version = "0.0.0"

[[package]]
name = "mock-bacnet-server"
version = "1.0.0-beta"

[[package]]
name = "mock-canbus-node"
version = "1.0.0-beta"

[[package]]
name = "mock-dnp3-outstation"
version = "1.0.0-beta"

[[package]]
name = "mock-modbus-server"
version = "1.0.0-beta"

[[package]]
name = "mock-ocpp-station"
version = "1.0.0-beta"

[[package]]
name = "mock-snmp-agent"
version = "1.0.0-beta"
